
Microsoft Visual Studio Solution File, Format Version 12.00
# Visual Studio 15
Project("{FAE04EC0-301F-11D3-BF4B-00C04F79EFBC}") = "ControllerSample", "ControllerSample.csproj", "{533F183E-B84D-30ED-E448-D3B5037C5B66}"
EndProject
Project("{FAE04EC0-301F-11D3-BF4B-00C04F79EFBC}") = "Unity.XR.Interaction.Toolkit.Samples.Hands", "Unity.XR.Interaction.Toolkit.Samples.Hands.csproj", "{B3B881FB-AC23-8A49-AB0B-9E60C58C978A}"
EndProject
Project("{FAE04EC0-301F-11D3-BF4B-00C04F79EFBC}") = "Unity.XR.Interaction.Toolkit.Samples.StarterAssets", "Unity.XR.Interaction.Toolkit.Samples.StarterAssets.csproj", "{376F73B5-4E3B-2539-2417-B5DF119B96C0}"
EndProject
Project("{FAE04EC0-301F-11D3-BF4B-00C04F79EFBC}") = "Unity.XR.Interaction.Toolkit.Samples.Hands.Editor", "Unity.XR.Interaction.Toolkit.Samples.Hands.Editor.csproj", "{9104AF6E-6A2B-E9E0-C768-9BBF4A643B9C}"
EndProject
Project("{FAE04EC0-301F-11D3-BF4B-00C04F79EFBC}") = "Unity.XR.Interaction.Toolkit.Samples.StarterAssets.Editor", "Unity.XR.Interaction.Toolkit.Samples.StarterAssets.Editor.csproj", "{6AC4AC63-AF4D-4614-9241-7A5D6C756F59}"
EndProject
Project("{FAE04EC0-301F-11D3-BF4B-00C04F79EFBC}") = "Assembly-CSharp", "Assembly-CSharp.csproj", "{68224283-6081-8E5C-A778-D02E3DC9CADA}"
EndProject
Project("{FAE04EC0-301F-11D3-BF4B-00C04F79EFBC}") = "Unity.XR.Hands.Samples.VisualizerSample", "Unity.XR.Hands.Samples.VisualizerSample.csproj", "{84D6D1E0-0BE0-CDEE-36DC-CE00E35D3163}"
EndProject
Global
	GlobalSection(SolutionConfigurationPlatforms) = preSolution
		Debug|Any CPU = Debug|Any CPU
		Release|Any CPU = Release|Any CPU
	EndGlobalSection
	GlobalSection(ProjectConfigurationPlatforms) = postSolution
		{533F183E-B84D-30ED-E448-D3B5037C5B66}.Debug|Any CPU.ActiveCfg = Debug|Any CPU
		{533F183E-B84D-30ED-E448-D3B5037C5B66}.Debug|Any CPU.Build.0 = Debug|Any CPU
		{533F183E-B84D-30ED-E448-D3B5037C5B66}.Release|Any CPU.ActiveCfg = Release|Any CPU
		{533F183E-B84D-30ED-E448-D3B5037C5B66}.Release|Any CPU.Build.0 = Release|Any CPU
		{B3B881FB-AC23-8A49-AB0B-9E60C58C978A}.Debug|Any CPU.ActiveCfg = Debug|Any CPU
		{B3B881FB-AC23-8A49-AB0B-9E60C58C978A}.Debug|Any CPU.Build.0 = Debug|Any CPU
		{B3B881FB-AC23-8A49-AB0B-9E60C58C978A}.Release|Any CPU.ActiveCfg = Release|Any CPU
		{B3B881FB-AC23-8A49-AB0B-9E60C58C978A}.Release|Any CPU.Build.0 = Release|Any CPU
		{376F73B5-4E3B-2539-2417-B5DF119B96C0}.Debug|Any CPU.ActiveCfg = Debug|Any CPU
		{376F73B5-4E3B-2539-2417-B5DF119B96C0}.Debug|Any CPU.Build.0 = Debug|Any CPU
		{376F73B5-4E3B-2539-2417-B5DF119B96C0}.Release|Any CPU.ActiveCfg = Release|Any CPU
		{376F73B5-4E3B-2539-2417-B5DF119B96C0}.Release|Any CPU.Build.0 = Release|Any CPU
		{9104AF6E-6A2B-E9E0-C768-9BBF4A643B9C}.Debug|Any CPU.ActiveCfg = Debug|Any CPU
		{9104AF6E-6A2B-E9E0-C768-9BBF4A643B9C}.Debug|Any CPU.Build.0 = Debug|Any CPU
		{9104AF6E-6A2B-E9E0-C768-9BBF4A643B9C}.Release|Any CPU.ActiveCfg = Release|Any CPU
		{9104AF6E-6A2B-E9E0-C768-9BBF4A643B9C}.Release|Any CPU.Build.0 = Release|Any CPU
		{6AC4AC63-AF4D-4614-9241-7A5D6C756F59}.Debug|Any CPU.ActiveCfg = Debug|Any CPU
		{6AC4AC63-AF4D-4614-9241-7A5D6C756F59}.Debug|Any CPU.Build.0 = Debug|Any CPU
		{6AC4AC63-AF4D-4614-9241-7A5D6C756F59}.Release|Any CPU.ActiveCfg = Release|Any CPU
		{6AC4AC63-AF4D-4614-9241-7A5D6C756F59}.Release|Any CPU.Build.0 = Release|Any CPU
		{68224283-6081-8E5C-A778-D02E3DC9CADA}.Debug|Any CPU.ActiveCfg = Debug|Any CPU
		{68224283-6081-8E5C-A778-D02E3DC9CADA}.Debug|Any CPU.Build.0 = Debug|Any CPU
		{68224283-6081-8E5C-A778-D02E3DC9CADA}.Release|Any CPU.ActiveCfg = Release|Any CPU
		{68224283-6081-8E5C-A778-D02E3DC9CADA}.Release|Any CPU.Build.0 = Release|Any CPU
		{84D6D1E0-0BE0-CDEE-36DC-CE00E35D3163}.Debug|Any CPU.ActiveCfg = Debug|Any CPU
		{84D6D1E0-0BE0-CDEE-36DC-CE00E35D3163}.Debug|Any CPU.Build.0 = Debug|Any CPU
		{84D6D1E0-0BE0-CDEE-36DC-CE00E35D3163}.Release|Any CPU.ActiveCfg = Release|Any CPU
		{84D6D1E0-0BE0-CDEE-36DC-CE00E35D3163}.Release|Any CPU.Build.0 = Release|Any CPU
	EndGlobalSection
	GlobalSection(SolutionProperties) = preSolution
		HideSolutionNode = FALSE
	EndGlobalSection
EndGlobal
