
Microsoft Visual Studio Solution File, Format Version 12.00
# Visual Studio 15
Project("{FAE04EC0-301F-11D3-BF4B-00C04F79EFBC}") = "ControllerSample", "ControllerSample.csproj", "{64A07235-068E-BBE1-792D-EB9B41C002CC}"
EndProject
Project("{FAE04EC0-301F-11D3-BF4B-00C04F79EFBC}") = "Assembly-CSharp", "Assembly-CSharp.csproj", "{64995C91-F3ED-DF56-9260-E9FEECE787A1}"
EndProject
Global
	GlobalSection(SolutionConfigurationPlatforms) = preSolution
		Debug|Any CPU = Debug|Any CPU
		Release|Any CPU = Release|Any CPU
	EndGlobalSection
	GlobalSection(ProjectConfigurationPlatforms) = postSolution
		{64A07235-068E-BBE1-792D-EB9B41C002CC}.Debug|Any CPU.ActiveCfg = Debug|Any CPU
		{64A07235-068E-BBE1-792D-EB9B41C002CC}.Debug|Any CPU.Build.0 = Debug|Any CPU
		{64A07235-068E-BBE1-792D-EB9B41C002CC}.Release|Any CPU.ActiveCfg = Release|Any CPU
		{64A07235-068E-BBE1-792D-EB9B41C002CC}.Release|Any CPU.Build.0 = Release|Any CPU
		{64995C91-F3ED-DF56-9260-E9FEECE787A1}.Debug|Any CPU.ActiveCfg = Debug|Any CPU
		{64995C91-F3ED-DF56-9260-E9FEECE787A1}.Debug|Any CPU.Build.0 = Debug|Any CPU
		{64995C91-F3ED-DF56-9260-E9FEECE787A1}.Release|Any CPU.ActiveCfg = Release|Any CPU
		{64995C91-F3ED-DF56-9260-E9FEECE787A1}.Release|Any CPU.Build.0 = Release|Any CPU
	EndGlobalSection
	GlobalSection(SolutionProperties) = preSolution
		HideSolutionNode = FALSE
	EndGlobalSection
EndGlobal
